// !$*UTF8*$!
{
	archiveVersion = 1;
	classes = {
	};
	objectVersion = 56;
	objects = {

/* Begin PBXBuildFile section */
		076B40672C9AAF2A005C1920 /* CarListItemView.swift in Sources */ = {isa = PBXBuildFile; fileRef = 076B40662C9AAF2A005C1920 /* CarListItemView.swift */; };
		076B406A2C9AB01E005C1920 /* Numeric+Extension.swift in Sources */ = {isa = PBXBuildFile; fileRef = 076B40692C9AB017005C1920 /* Numeric+Extension.swift */; };
		07E967FF2C9A95B7007AF2FA /* GuidomiaApp.swift in Sources */ = {isa = PBXBuildFile; fileRef = 07E967FE2C9A95B7007AF2FA /* GuidomiaApp.swift */; };
		07E968012C9A95B7007AF2FA /* MainView.swift in Sources */ = {isa = PBXBuildFile; fileRef = 07E968002C9A95B7007AF2FA /* MainView.swift */; };
		07E968032C9A95B9007AF2FA /* Assets.xcassets in Resources */ = {isa = PBXBuildFile; fileRef = 07E968022C9A95B9007AF2FA /* Assets.xcassets */; };
		07E968072C9A95B9007AF2FA /* Preview Assets.xcassets in Resources */ = {isa = PBXBuildFile; fileRef = 07E968062C9A95B9007AF2FA /* Preview Assets.xcassets */; };
		07E968112C9A95B9007AF2FA /* GuidomiaTests.swift in Sources */ = {isa = PBXBuildFile; fileRef = 07E968102C9A95B9007AF2FA /* GuidomiaTests.swift */; };
		07E9681B2C9A95B9007AF2FA /* GuidomiaUITests.swift in Sources */ = {isa = PBXBuildFile; fileRef = 07E9681A2C9A95B9007AF2FA /* GuidomiaUITests.swift */; };
		07E9681D2C9A95B9007AF2FA /* GuidomiaUITestsLaunchTests.swift in Sources */ = {isa = PBXBuildFile; fileRef = 07E9681C2C9A95B9007AF2FA /* GuidomiaUITestsLaunchTests.swift */; };
		07E968302C9A979A007AF2FA /* car_list.json in Resources */ = {isa = PBXBuildFile; fileRef = 07E9682F2C9A9799007AF2FA /* car_list.json */; };
		07E968352C9A9A15007AF2FA /* CarListService.swift in Sources */ = {isa = PBXBuildFile; fileRef = 07E968342C9A9A15007AF2FA /* CarListService.swift */; };
		07E968382C9A9D08007AF2FA /* LocalDataError.swift in Sources */ = {isa = PBXBuildFile; fileRef = 07E968372C9A9D08007AF2FA /* LocalDataError.swift */; };
		07E9683D2C9A9F04007AF2FA /* MainViewViewModel.swift in Sources */ = {isa = PBXBuildFile; fileRef = 07E9683C2C9A9F04007AF2FA /* MainViewViewModel.swift */; };
		07E968402C9AA05C007AF2FA /* HeaderView.swift in Sources */ = {isa = PBXBuildFile; fileRef = 07E9683F2C9AA05C007AF2FA /* HeaderView.swift */; };
		07E968422C9AA192007AF2FA /* FilterView.swift in Sources */ = {isa = PBXBuildFile; fileRef = 07E968412C9AA192007AF2FA /* FilterView.swift */; };
		07E968442C9AA9C3007AF2FA /* Car.swift in Sources */ = {isa = PBXBuildFile; fileRef = 07E968432C9AA9C3007AF2FA /* Car.swift */; };
		07E968462C9AABD1007AF2FA /* CarListView.swift in Sources */ = {isa = PBXBuildFile; fileRef = 07E968452C9AABD1007AF2FA /* CarListView.swift */; };
/* End PBXBuildFile section */

/* Begin PBXContainerItemProxy section */
		07E9680D2C9A95B9007AF2FA /* PBXContainerItemProxy */ = {
			isa = PBXContainerItemProxy;
			containerPortal = 07E967F32C9A95B7007AF2FA /* Project object */;
			proxyType = 1;
			remoteGlobalIDString = 07E967FA2C9A95B7007AF2FA;
			remoteInfo = Guidomia;
		};
		07E968172C9A95B9007AF2FA /* PBXContainerItemProxy */ = {
			isa = PBXContainerItemProxy;
			containerPortal = 07E967F32C9A95B7007AF2FA /* Project object */;
			proxyType = 1;
			remoteGlobalIDString = 07E967FA2C9A95B7007AF2FA;
			remoteInfo = Guidomia;
		};
/* End PBXContainerItemProxy section */

/* Begin PBXFileReference section */
		076B40662C9AAF2A005C1920 /* CarListItemView.swift */ = {isa = PBXFileReference; lastKnownFileType = sourcecode.swift; path = CarListItemView.swift; sourceTree = "<group>"; };
		076B40692C9AB017005C1920 /* Numeric+Extension.swift */ = {isa = PBXFileReference; lastKnownFileType = sourcecode.swift; path = "Numeric+Extension.swift"; sourceTree = "<group>"; };
		07E967FB2C9A95B7007AF2FA /* Guidomia.app */ = {isa = PBXFileReference; explicitFileType = wrapper.application; includeInIndex = 0; path = Guidomia.app; sourceTree = BUILT_PRODUCTS_DIR; };
		07E967FE2C9A95B7007AF2FA /* GuidomiaApp.swift */ = {isa = PBXFileReference; lastKnownFileType = sourcecode.swift; path = GuidomiaApp.swift; sourceTree = "<group>"; };
		07E968002C9A95B7007AF2FA /* MainView.swift */ = {isa = PBXFileReference; lastKnownFileType = sourcecode.swift; path = MainView.swift; sourceTree = "<group>"; };
		07E968022C9A95B9007AF2FA /* Assets.xcassets */ = {isa = PBXFileReference; lastKnownFileType = folder.assetcatalog; path = Assets.xcassets; sourceTree = "<group>"; };
		07E968042C9A95B9007AF2FA /* Guidomia.entitlements */ = {isa = PBXFileReference; lastKnownFileType = text.plist.entitlements; path = Guidomia.entitlements; sourceTree = "<group>"; };
		07E968062C9A95B9007AF2FA /* Preview Assets.xcassets */ = {isa = PBXFileReference; lastKnownFileType = folder.assetcatalog; path = "Preview Assets.xcassets"; sourceTree = "<group>"; };
		07E9680C2C9A95B9007AF2FA /* GuidomiaTests.xctest */ = {isa = PBXFileReference; explicitFileType = wrapper.cfbundle; includeInIndex = 0; path = GuidomiaTests.xctest; sourceTree = BUILT_PRODUCTS_DIR; };
		07E968102C9A95B9007AF2FA /* GuidomiaTests.swift */ = {isa = PBXFileReference; lastKnownFileType = sourcecode.swift; path = GuidomiaTests.swift; sourceTree = "<group>"; };
		07E968162C9A95B9007AF2FA /* GuidomiaUITests.xctest */ = {isa = PBXFileReference; explicitFileType = wrapper.cfbundle; includeInIndex = 0; path = GuidomiaUITests.xctest; sourceTree = BUILT_PRODUCTS_DIR; };
		07E9681A2C9A95B9007AF2FA /* GuidomiaUITests.swift */ = {isa = PBXFileReference; lastKnownFileType = sourcecode.swift; path = GuidomiaUITests.swift; sourceTree = "<group>"; };
		07E9681C2C9A95B9007AF2FA /* GuidomiaUITestsLaunchTests.swift */ = {isa = PBXFileReference; lastKnownFileType = sourcecode.swift; path = GuidomiaUITestsLaunchTests.swift; sourceTree = "<group>"; };
		07E9682F2C9A9799007AF2FA /* car_list.json */ = {isa = PBXFileReference; fileEncoding = 4; lastKnownFileType = text.json; path = car_list.json; sourceTree = "<group>"; };
		07E968342C9A9A15007AF2FA /* CarListService.swift */ = {isa = PBXFileReference; lastKnownFileType = sourcecode.swift; path = CarListService.swift; sourceTree = "<group>"; };
		07E968372C9A9D08007AF2FA /* LocalDataError.swift */ = {isa = PBXFileReference; lastKnownFileType = sourcecode.swift; path = LocalDataError.swift; sourceTree = "<group>"; };
		07E9683C2C9A9F04007AF2FA /* MainViewViewModel.swift */ = {isa = PBXFileReference; lastKnownFileType = sourcecode.swift; path = MainViewViewModel.swift; sourceTree = "<group>"; };
		07E9683F2C9AA05C007AF2FA /* HeaderView.swift */ = {isa = PBXFileReference; lastKnownFileType = sourcecode.swift; path = HeaderView.swift; sourceTree = "<group>"; };
		07E968412C9AA192007AF2FA /* FilterView.swift */ = {isa = PBXFileReference; lastKnownFileType = sourcecode.swift; path = FilterView.swift; sourceTree = "<group>"; };
		07E968432C9AA9C3007AF2FA /* Car.swift */ = {isa = PBXFileReference; lastKnownFileType = sourcecode.swift; path = Car.swift; sourceTree = "<group>"; };
		07E968452C9AABD1007AF2FA /* CarListView.swift */ = {isa = PBXFileReference; lastKnownFileType = sourcecode.swift; path = CarListView.swift; sourceTree = "<group>"; };
/* End PBXFileReference section */

/* Begin PBXFrameworksBuildPhase section */
		07E967F82C9A95B7007AF2FA /* Frameworks */ = {
			isa = PBXFrameworksBuildPhase;
			buildActionMask = 2147483647;
			files = (
			);
			runOnlyForDeploymentPostprocessing = 0;
		};
		07E968092C9A95B9007AF2FA /* Frameworks */ = {
			isa = PBXFrameworksBuildPhase;
			buildActionMask = 2147483647;
			files = (
			);
			runOnlyForDeploymentPostprocessing = 0;
		};
		07E968132C9A95B9007AF2FA /* Frameworks */ = {
			isa = PBXFrameworksBuildPhase;
			buildActionMask = 2147483647;
			files = (
			);
			runOnlyForDeploymentPostprocessing = 0;
		};
/* End PBXFrameworksBuildPhase section */

/* Begin PBXGroup section */
		076B40682C9AB010005C1920 /* Extensions */ = {
			isa = PBXGroup;
			children = (
				076B40692C9AB017005C1920 /* Numeric+Extension.swift */,
			);
			path = Extensions;
			sourceTree = "<group>";
		};
		07E967F22C9A95B7007AF2FA = {
			isa = PBXGroup;
			children = (
				07E967FD2C9A95B7007AF2FA /* Guidomia */,
				07E9680F2C9A95B9007AF2FA /* GuidomiaTests */,
				07E968192C9A95B9007AF2FA /* GuidomiaUITests */,
				07E967FC2C9A95B7007AF2FA /* Products */,
			);
			sourceTree = "<group>";
		};
		07E967FC2C9A95B7007AF2FA /* Products */ = {
			isa = PBXGroup;
			children = (
				07E967FB2C9A95B7007AF2FA /* Guidomia.app */,
				07E9680C2C9A95B9007AF2FA /* GuidomiaTests.xctest */,
				07E968162C9A95B9007AF2FA /* GuidomiaUITests.xctest */,
			);
			name = Products;
			sourceTree = "<group>";
		};
		07E967FD2C9A95B7007AF2FA /* Guidomia */ = {
			isa = PBXGroup;
			children = (
				07E9682C2C9A96CF007AF2FA /* Resources */,
				07E9682A2C9A96B4007AF2FA /* Application */,
				07E968292C9A966A007AF2FA /* Models */,
				07E968052C9A95B9007AF2FA /* Preview Content */,
			);
			path = Guidomia;
			sourceTree = "<group>";
		};
		07E968052C9A95B9007AF2FA /* Preview Content */ = {
			isa = PBXGroup;
			children = (
				07E968062C9A95B9007AF2FA /* Preview Assets.xcassets */,
			);
			path = "Preview Content";
			sourceTree = "<group>";
		};
		07E9680F2C9A95B9007AF2FA /* GuidomiaTests */ = {
			isa = PBXGroup;
			children = (
				07E968102C9A95B9007AF2FA /* GuidomiaTests.swift */,
			);
			path = GuidomiaTests;
			sourceTree = "<group>";
		};
		07E968192C9A95B9007AF2FA /* GuidomiaUITests */ = {
			isa = PBXGroup;
			children = (
				07E9681A2C9A95B9007AF2FA /* GuidomiaUITests.swift */,
				07E9681C2C9A95B9007AF2FA /* GuidomiaUITestsLaunchTests.swift */,
			);
			path = GuidomiaUITests;
			sourceTree = "<group>";
		};
		07E968292C9A966A007AF2FA /* Models */ = {
			isa = PBXGroup;
			children = (
				07E968432C9AA9C3007AF2FA /* Car.swift */,
			);
			path = Models;
			sourceTree = "<group>";
		};
		07E9682A2C9A96B4007AF2FA /* Application */ = {
			isa = PBXGroup;
			children = (
				07E9682D2C9A96F2007AF2FA /* Main */,
			);
			path = Application;
			sourceTree = "<group>";
		};
		07E9682C2C9A96CF007AF2FA /* Resources */ = {
			isa = PBXGroup;
			children = (
				076B40682C9AB010005C1920 /* Extensions */,
				07E9683E2C9AA044007AF2FA /* ReusableViews */,
				07E968362C9A9CF3007AF2FA /* Errors */,
				07E968312C9A9852007AF2FA /* Services */,
				07E9682E2C9A9744007AF2FA /* Json */,
				07E968022C9A95B9007AF2FA /* Assets.xcassets */,
				07E968042C9A95B9007AF2FA /* Guidomia.entitlements */,
			);
			path = Resources;
			sourceTree = "<group>";
		};
		07E9682D2C9A96F2007AF2FA /* Main */ = {
			isa = PBXGroup;
			children = (
				07E9683B2C9A9EF7007AF2FA /* ViewModel */,
				07E9683A2C9A9EED007AF2FA /* View */,
			);
			path = Main;
			sourceTree = "<group>";
		};
		07E9682E2C9A9744007AF2FA /* Json */ = {
			isa = PBXGroup;
			children = (
				07E9682F2C9A9799007AF2FA /* car_list.json */,
			);
			path = Json;
			sourceTree = "<group>";
		};
		07E968312C9A9852007AF2FA /* Services */ = {
			isa = PBXGroup;
			children = (
				07E968342C9A9A15007AF2FA /* CarListService.swift */,
			);
			path = Services;
			sourceTree = "<group>";
		};
		07E968362C9A9CF3007AF2FA /* Errors */ = {
			isa = PBXGroup;
			children = (
				07E968372C9A9D08007AF2FA /* LocalDataError.swift */,
			);
			path = Errors;
			sourceTree = "<group>";
		};
		07E9683A2C9A9EED007AF2FA /* View */ = {
			isa = PBXGroup;
			children = (
				07E967FE2C9A95B7007AF2FA /* GuidomiaApp.swift */,
				07E968002C9A95B7007AF2FA /* MainView.swift */,
			);
			path = View;
			sourceTree = "<group>";
		};
		07E9683B2C9A9EF7007AF2FA /* ViewModel */ = {
			isa = PBXGroup;
			children = (
				07E9683C2C9A9F04007AF2FA /* MainViewViewModel.swift */,
			);
			path = ViewModel;
			sourceTree = "<group>";
		};
		07E9683E2C9AA044007AF2FA /* ReusableViews */ = {
			isa = PBXGroup;
			children = (
				07E9683F2C9AA05C007AF2FA /* HeaderView.swift */,
				07E968412C9AA192007AF2FA /* FilterView.swift */,
				07E968452C9AABD1007AF2FA /* CarListView.swift */,
				076B40662C9AAF2A005C1920 /* CarListItemView.swift */,
			);
			path = ReusableViews;
			sourceTree = "<group>";
		};
/* End PBXGroup section */

/* Begin PBXNativeTarget section */
		07E967FA2C9A95B7007AF2FA /* Guidomia */ = {
			isa = PBXNativeTarget;
			buildConfigurationList = 07E968202C9A95B9007AF2FA /* Build configuration list for PBXNativeTarget "Guidomia" */;
			buildPhases = (
				07E967F72C9A95B7007AF2FA /* Sources */,
				07E967F82C9A95B7007AF2FA /* Frameworks */,
				07E967F92C9A95B7007AF2FA /* Resources */,
			);
			buildRules = (
			);
			dependencies = (
			);
			name = Guidomia;
			productName = Guidomia;
			productReference = 07E967FB2C9A95B7007AF2FA /* Guidomia.app */;
			productType = "com.apple.product-type.application";
		};
		07E9680B2C9A95B9007AF2FA /* GuidomiaTests */ = {
			isa = PBXNativeTarget;
			buildConfigurationList = 07E968232C9A95B9007AF2FA /* Build configuration list for PBXNativeTarget "GuidomiaTests" */;
			buildPhases = (
				07E968082C9A95B9007AF2FA /* Sources */,
				07E968092C9A95B9007AF2FA /* Frameworks */,
				07E9680A2C9A95B9007AF2FA /* Resources */,
			);
			buildRules = (
			);
			dependencies = (
				07E9680E2C9A95B9007AF2FA /* PBXTargetDependency */,
			);
			name = GuidomiaTests;
			productName = GuidomiaTests;
			productReference = 07E9680C2C9A95B9007AF2FA /* GuidomiaTests.xctest */;
			productType = "com.apple.product-type.bundle.unit-test";
		};
		07E968152C9A95B9007AF2FA /* GuidomiaUITests */ = {
			isa = PBXNativeTarget;
			buildConfigurationList = 07E968262C9A95B9007AF2FA /* Build configuration list for PBXNativeTarget "GuidomiaUITests" */;
			buildPhases = (
				07E968122C9A95B9007AF2FA /* Sources */,
				07E968132C9A95B9007AF2FA /* Frameworks */,
				07E968142C9A95B9007AF2FA /* Resources */,
			);
			buildRules = (
			);
			dependencies = (
				07E968182C9A95B9007AF2FA /* PBXTargetDependency */,
			);
			name = GuidomiaUITests;
			productName = GuidomiaUITests;
			productReference = 07E968162C9A95B9007AF2FA /* GuidomiaUITests.xctest */;
			productType = "com.apple.product-type.bundle.ui-testing";
		};
/* End PBXNativeTarget section */

/* Begin PBXProject section */
		07E967F32C9A95B7007AF2FA /* Project object */ = {
			isa = PBXProject;
			attributes = {
				BuildIndependentTargetsInParallel = 1;
				LastSwiftUpdateCheck = 1520;
				LastUpgradeCheck = 1520;
				TargetAttributes = {
					07E967FA2C9A95B7007AF2FA = {
						CreatedOnToolsVersion = 15.2;
					};
					07E9680B2C9A95B9007AF2FA = {
						CreatedOnToolsVersion = 15.2;
						TestTargetID = 07E967FA2C9A95B7007AF2FA;
					};
					07E968152C9A95B9007AF2FA = {
						CreatedOnToolsVersion = 15.2;
						TestTargetID = 07E967FA2C9A95B7007AF2FA;
					};
				};
			};
			buildConfigurationList = 07E967F62C9A95B7007AF2FA /* Build configuration list for PBXProject "guidomia" */;
			compatibilityVersion = "Xcode 14.0";
			developmentRegion = en;
			hasScannedForEncodings = 0;
			knownRegions = (
				en,
				Base,
			);
			mainGroup = 07E967F22C9A95B7007AF2FA;
			productRefGroup = 07E967FC2C9A95B7007AF2FA /* Products */;
			projectDirPath = "";
			projectRoot = "";
			targets = (
				07E967FA2C9A95B7007AF2FA /* Guidomia */,
				07E9680B2C9A95B9007AF2FA /* GuidomiaTests */,
				07E968152C9A95B9007AF2FA /* GuidomiaUITests */,
			);
		};
/* End PBXProject section */

/* Begin PBXResourcesBuildPhase section */
		07E967F92C9A95B7007AF2FA /* Resources */ = {
			isa = PBXResourcesBuildPhase;
			buildActionMask = 2147483647;
			files = (
				07E968072C9A95B9007AF2FA /* Preview Assets.xcassets in Resources */,
				07E968302C9A979A007AF2FA /* car_list.json in Resources */,
				07E968032C9A95B9007AF2FA /* Assets.xcassets in Resources */,
			);
			runOnlyForDeploymentPostprocessing = 0;
		};
		07E9680A2C9A95B9007AF2FA /* Resources */ = {
			isa = PBXResourcesBuildPhase;
			buildActionMask = 2147483647;
			files = (
			);
			runOnlyForDeploymentPostprocessing = 0;
		};
		07E968142C9A95B9007AF2FA /* Resources */ = {
			isa = PBXResourcesBuildPhase;
			buildActionMask = 2147483647;
			files = (
			);
			runOnlyForDeploymentPostprocessing = 0;
		};
/* End PBXResourcesBuildPhase section */

/* Begin PBXSourcesBuildPhase section */
		07E967F72C9A95B7007AF2FA /* Sources */ = {
			isa = PBXSourcesBuildPhase;
			buildActionMask = 2147483647;
			files = (
				07E968422C9AA192007AF2FA /* FilterView.swift in Sources */,
				076B406A2C9AB01E005C1920 /* Numeric+Extension.swift in Sources */,
				07E968012C9A95B7007AF2FA /* MainView.swift in Sources */,
				076B40672C9AAF2A005C1920 /* CarListItemView.swift in Sources */,
				07E968442C9AA9C3007AF2FA /* Car.swift in Sources */,
				07E968402C9AA05C007AF2FA /* HeaderView.swift in Sources */,
				07E968352C9A9A15007AF2FA /* CarListService.swift in Sources */,
				07E968382C9A9D08007AF2FA /* LocalDataError.swift in Sources */,
				07E9683D2C9A9F04007AF2FA /* MainViewViewModel.swift in Sources */,
				07E967FF2C9A95B7007AF2FA /* GuidomiaApp.swift in Sources */,
				07E968462C9AABD1007AF2FA /* CarListView.swift in Sources */,
			);
			runOnlyForDeploymentPostprocessing = 0;
		};
		07E968082C9A95B9007AF2FA /* Sources */ = {
			isa = PBXSourcesBuildPhase;
			buildActionMask = 2147483647;
			files = (
				07E968112C9A95B9007AF2FA /* GuidomiaTests.swift in Sources */,
			);
			runOnlyForDeploymentPostprocessing = 0;
		};
		07E968122C9A95B9007AF2FA /* Sources */ = {
			isa = PBXSourcesBuildPhase;
			buildActionMask = 2147483647;
			files = (
				07E9681D2C9A95B9007AF2FA /* GuidomiaUITestsLaunchTests.swift in Sources */,
				07E9681B2C9A95B9007AF2FA /* GuidomiaUITests.swift in Sources */,
			);
			runOnlyForDeploymentPostprocessing = 0;
		};
/* End PBXSourcesBuildPhase section */

/* Begin PBXTargetDependency section */
		07E9680E2C9A95B9007AF2FA /* PBXTargetDependency */ = {
			isa = PBXTargetDependency;
			target = 07E967FA2C9A95B7007AF2FA /* Guidomia */;
			targetProxy = 07E9680D2C9A95B9007AF2FA /* PBXContainerItemProxy */;
		};
		07E968182C9A95B9007AF2FA /* PBXTargetDependency */ = {
			isa = PBXTargetDependency;
			target = 07E967FA2C9A95B7007AF2FA /* Guidomia */;
			targetProxy = 07E968172C9A95B9007AF2FA /* PBXContainerItemProxy */;
		};
/* End PBXTargetDependency section */

/* Begin XCBuildConfiguration section */
		07E9681E2C9A95B9007AF2FA /* Debug */ = {
			isa = XCBuildConfiguration;
			buildSettings = {
				ALWAYS_SEARCH_USER_PATHS = NO;
				ASSETCATALOG_COMPILER_GENERATE_SWIFT_ASSET_SYMBOL_EXTENSIONS = YES;
				CLANG_ANALYZER_NONNULL = YES;
				CLANG_ANALYZER_NUMBER_OBJECT_CONVERSION = YES_AGGRESSIVE;
				CLANG_CXX_LANGUAGE_STANDARD = "gnu++20";
				CLANG_ENABLE_MODULES = YES;
				CLANG_ENABLE_OBJC_ARC = YES;
				CLANG_ENABLE_OBJC_WEAK = YES;
				CLANG_WARN_BLOCK_CAPTURE_AUTORELEASING = YES;
				CLANG_WARN_BOOL_CONVERSION = YES;
				CLANG_WARN_COMMA = YES;
				CLANG_WARN_CONSTANT_CONVERSION = YES;
				CLANG_WARN_DEPRECATED_OBJC_IMPLEMENTATIONS = YES;
				CLANG_WARN_DIRECT_OBJC_ISA_USAGE = YES_ERROR;
				CLANG_WARN_DOCUMENTATION_COMMENTS = YES;
				CLANG_WARN_EMPTY_BODY = YES;
				CLANG_WARN_ENUM_CONVERSION = YES;
				CLANG_WARN_INFINITE_RECURSION = YES;
				CLANG_WARN_INT_CONVERSION = YES;
				CLANG_WARN_NON_LITERAL_NULL_CONVERSION = YES;
				CLANG_WARN_OBJC_IMPLICIT_RETAIN_SELF = YES;
				CLANG_WARN_OBJC_LITERAL_CONVERSION = YES;
				CLANG_WARN_OBJC_ROOT_CLASS = YES_ERROR;
				CLANG_WARN_QUOTED_INCLUDE_IN_FRAMEWORK_HEADER = YES;
				CLANG_WARN_RANGE_LOOP_ANALYSIS = YES;
				CLANG_WARN_STRICT_PROTOTYPES = YES;
				CLANG_WARN_SUSPICIOUS_MOVE = YES;
				CLANG_WARN_UNGUARDED_AVAILABILITY = YES_AGGRESSIVE;
				CLANG_WARN_UNREACHABLE_CODE = YES;
				CLANG_WARN__DUPLICATE_METHOD_MATCH = YES;
				COPY_PHASE_STRIP = NO;
				DEBUG_INFORMATION_FORMAT = dwarf;
				ENABLE_STRICT_OBJC_MSGSEND = YES;
				ENABLE_TESTABILITY = YES;
				ENABLE_USER_SCRIPT_SANDBOXING = YES;
				GCC_C_LANGUAGE_STANDARD = gnu17;
				GCC_DYNAMIC_NO_PIC = NO;
				GCC_NO_COMMON_BLOCKS = YES;
				GCC_OPTIMIZATION_LEVEL = 0;
				GCC_PREPROCESSOR_DEFINITIONS = (
					"DEBUG=1",
					"$(inherited)",
				);
				GCC_WARN_64_TO_32_BIT_CONVERSION = YES;
				GCC_WARN_ABOUT_RETURN_TYPE = YES_ERROR;
				GCC_WARN_UNDECLARED_SELECTOR = YES;
				GCC_WARN_UNINITIALIZED_AUTOS = YES_AGGRESSIVE;
				GCC_WARN_UNUSED_FUNCTION = YES;
				GCC_WARN_UNUSED_VARIABLE = YES;
				LOCALIZATION_PREFERS_STRING_CATALOGS = YES;
				MTL_ENABLE_DEBUG_INFO = INCLUDE_SOURCE;
				MTL_FAST_MATH = YES;
				ONLY_ACTIVE_ARCH = YES;
				SWIFT_ACTIVE_COMPILATION_CONDITIONS = "DEBUG $(inherited)";
				SWIFT_OPTIMIZATION_LEVEL = "-Onone";
			};
			name = Debug;
		};
		07E9681F2C9A95B9007AF2FA /* Release */ = {
			isa = XCBuildConfiguration;
			buildSettings = {
				ALWAYS_SEARCH_USER_PATHS = NO;
				ASSETCATALOG_COMPILER_GENERATE_SWIFT_ASSET_SYMBOL_EXTENSIONS = YES;
				CLANG_ANALYZER_NONNULL = YES;
				CLANG_ANALYZER_NUMBER_OBJECT_CONVERSION = YES_AGGRESSIVE;
				CLANG_CXX_LANGUAGE_STANDARD = "gnu++20";
				CLANG_ENABLE_MODULES = YES;
				CLANG_ENABLE_OBJC_ARC = YES;
				CLANG_ENABLE_OBJC_WEAK = YES;
				CLANG_WARN_BLOCK_CAPTURE_AUTORELEASING = YES;
				CLANG_WARN_BOOL_CONVERSION = YES;
				CLANG_WARN_COMMA = YES;
				CLANG_WARN_CONSTANT_CONVERSION = YES;
				CLANG_WARN_DEPRECATED_OBJC_IMPLEMENTATIONS = YES;
				CLANG_WARN_DIRECT_OBJC_ISA_USAGE = YES_ERROR;
				CLANG_WARN_DOCUMENTATION_COMMENTS = YES;
				CLANG_WARN_EMPTY_BODY = YES;
				CLANG_WARN_ENUM_CONVERSION = YES;
				CLANG_WARN_INFINITE_RECURSION = YES;
				CLANG_WARN_INT_CONVERSION = YES;
				CLANG_WARN_NON_LITERAL_NULL_CONVERSION = YES;
				CLANG_WARN_OBJC_IMPLICIT_RETAIN_SELF = YES;
				CLANG_WARN_OBJC_LITERAL_CONVERSION = YES;
				CLANG_WARN_OBJC_ROOT_CLASS = YES_ERROR;
				CLANG_WARN_QUOTED_INCLUDE_IN_FRAMEWORK_HEADER = YES;
				CLANG_WARN_RANGE_LOOP_ANALYSIS = YES;
				CLANG_WARN_STRICT_PROTOTYPES = YES;
				CLANG_WARN_SUSPICIOUS_MOVE = YES;
				CLANG_WARN_UNGUARDED_AVAILABILITY = YES_AGGRESSIVE;
				CLANG_WARN_UNREACHABLE_CODE = YES;
				CLANG_WARN__DUPLICATE_METHOD_MATCH = YES;
				COPY_PHASE_STRIP = NO;
				DEBUG_INFORMATION_FORMAT = "dwarf-with-dsym";
				ENABLE_NS_ASSERTIONS = NO;
				ENABLE_STRICT_OBJC_MSGSEND = YES;
				ENABLE_USER_SCRIPT_SANDBOXING = YES;
				GCC_C_LANGUAGE_STANDARD = gnu17;
				GCC_NO_COMMON_BLOCKS = YES;
				GCC_WARN_64_TO_32_BIT_CONVERSION = YES;
				GCC_WARN_ABOUT_RETURN_TYPE = YES_ERROR;
				GCC_WARN_UNDECLARED_SELECTOR = YES;
				GCC_WARN_UNINITIALIZED_AUTOS = YES_AGGRESSIVE;
				GCC_WARN_UNUSED_FUNCTION = YES;
				GCC_WARN_UNUSED_VARIABLE = YES;
				LOCALIZATION_PREFERS_STRING_CATALOGS = YES;
				MTL_ENABLE_DEBUG_INFO = NO;
				MTL_FAST_MATH = YES;
				SWIFT_COMPILATION_MODE = wholemodule;
			};
			name = Release;
		};
		07E968212C9A95B9007AF2FA /* Debug */ = {
			isa = XCBuildConfiguration;
			buildSettings = {
				ASSETCATALOG_COMPILER_APPICON_NAME = AppIcon;
				ASSETCATALOG_COMPILER_GLOBAL_ACCENT_COLOR_NAME = AccentColor;
				CODE_SIGN_ENTITLEMENTS = Guidomia/Resources/Guidomia.entitlements;
				CODE_SIGN_STYLE = Automatic;
				CURRENT_PROJECT_VERSION = 1;
				DEVELOPMENT_ASSET_PATHS = "\"Guidomia/Preview Content\"";
				ENABLE_PREVIEWS = YES;
				GENERATE_INFOPLIST_FILE = YES;
				"INFOPLIST_KEY_UIApplicationSceneManifest_Generation[sdk=iphoneos*]" = YES;
				"INFOPLIST_KEY_UIApplicationSceneManifest_Generation[sdk=iphonesimulator*]" = YES;
				"INFOPLIST_KEY_UIApplicationSupportsIndirectInputEvents[sdk=iphoneos*]" = YES;
				"INFOPLIST_KEY_UIApplicationSupportsIndirectInputEvents[sdk=iphonesimulator*]" = YES;
				"INFOPLIST_KEY_UILaunchScreen_Generation[sdk=iphoneos*]" = YES;
				"INFOPLIST_KEY_UILaunchScreen_Generation[sdk=iphonesimulator*]" = YES;
				"INFOPLIST_KEY_UIStatusBarStyle[sdk=iphoneos*]" = UIStatusBarStyleDefault;
				"INFOPLIST_KEY_UIStatusBarStyle[sdk=iphonesimulator*]" = UIStatusBarStyleDefault;
				INFOPLIST_KEY_UISupportedInterfaceOrientations_iPad = "UIInterfaceOrientationPortrait UIInterfaceOrientationPortraitUpsideDown UIInterfaceOrientationLandscapeLeft UIInterfaceOrientationLandscapeRight";
				INFOPLIST_KEY_UISupportedInterfaceOrientations_iPhone = "UIInterfaceOrientationPortrait UIInterfaceOrientationLandscapeLeft UIInterfaceOrientationLandscapeRight";
				IPHONEOS_DEPLOYMENT_TARGET = 17.2;
				LD_RUNPATH_SEARCH_PATHS = "@executable_path/Frameworks";
				"LD_RUNPATH_SEARCH_PATHS[sdk=macosx*]" = "@executable_path/../Frameworks";
				MACOSX_DEPLOYMENT_TARGET = 14.2;
				MARKETING_VERSION = 1.0;
				PRODUCT_BUNDLE_IDENTIFIER = com.test.Guidomia;
				PRODUCT_NAME = "$(TARGET_NAME)";
				SDKROOT = auto;
				SUPPORTED_PLATFORMS = "iphoneos iphonesimulator macosx";
				SWIFT_EMIT_LOC_STRINGS = YES;
				SWIFT_VERSION = 5.0;
				TARGETED_DEVICE_FAMILY = "1,2";
			};
			name = Debug;
		};
		07E968222C9A95B9007AF2FA /* Release */ = {
			isa = XCBuildConfiguration;
			buildSettings = {
				ASSETCATALOG_COMPILER_APPICON_NAME = AppIcon;
				ASSETCATALOG_COMPILER_GLOBAL_ACCENT_COLOR_NAME = AccentColor;
				CODE_SIGN_ENTITLEMENTS = Guidomia/Resources/Guidomia.entitlements;
				CODE_SIGN_STYLE = Automatic;
				CURRENT_PROJECT_VERSION = 1;
				DEVELOPMENT_ASSET_PATHS = "\"Guidomia/Preview Content\"";
				ENABLE_PREVIEWS = YES;
				GENERATE_INFOPLIST_FILE = YES;
				"INFOPLIST_KEY_UIApplicationSceneManifest_Generation[sdk=iphoneos*]" = YES;
				"INFOPLIST_KEY_UIApplicationSceneManifest_Generation[sdk=iphonesimulator*]" = YES;
				"INFOPLIST_KEY_UIApplicationSupportsIndirectInputEvents[sdk=iphoneos*]" = YES;
				"INFOPLIST_KEY_UIApplicationSupportsIndirectInputEvents[sdk=iphonesimulator*]" = YES;
				"INFOPLIST_KEY_UILaunchScreen_Generation[sdk=iphoneos*]" = YES;
				"INFOPLIST_KEY_UILaunchScreen_Generation[sdk=iphonesimulator*]" = YES;
				"INFOPLIST_KEY_UIStatusBarStyle[sdk=iphoneos*]" = UIStatusBarStyleDefault;
				"INFOPLIST_KEY_UIStatusBarStyle[sdk=iphonesimulator*]" = UIStatusBarStyleDefault;
				INFOPLIST_KEY_UISupportedInterfaceOrientations_iPad = "UIInterfaceOrientationPortrait UIInterfaceOrientationPortraitUpsideDown UIInterfaceOrientationLandscapeLeft UIInterfaceOrientationLandscapeRight";
				INFOPLIST_KEY_UISupportedInterfaceOrientations_iPhone = "UIInterfaceOrientationPortrait UIInterfaceOrientationLandscapeLeft UIInterfaceOrientationLandscapeRight";
				IPHONEOS_DEPLOYMENT_TARGET = 17.2;
				LD_RUNPATH_SEARCH_PATHS = "@executable_path/Frameworks";
				"LD_RUNPATH_SEARCH_PATHS[sdk=macosx*]" = "@executable_path/../Frameworks";
				MACOSX_DEPLOYMENT_TARGET = 14.2;
				MARKETING_VERSION = 1.0;
				PRODUCT_BUNDLE_IDENTIFIER = com.test.Guidomia;
				PRODUCT_NAME = "$(TARGET_NAME)";
				SDKROOT = auto;
				SUPPORTED_PLATFORMS = "iphoneos iphonesimulator macosx";
				SWIFT_EMIT_LOC_STRINGS = YES;
				SWIFT_VERSION = 5.0;
				TARGETED_DEVICE_FAMILY = "1,2";
			};
			name = Release;
		};
		07E968242C9A95B9007AF2FA /* Debug */ = {
			isa = XCBuildConfiguration;
			buildSettings = {
				ALWAYS_EMBED_SWIFT_STANDARD_LIBRARIES = YES;
				BUNDLE_LOADER = "$(TEST_HOST)";
				CODE_SIGN_STYLE = Automatic;
				CURRENT_PROJECT_VERSION = 1;
				GENERATE_INFOPLIST_FILE = YES;
				IPHONEOS_DEPLOYMENT_TARGET = 17.2;
				MACOSX_DEPLOYMENT_TARGET = 14.2;
				MARKETING_VERSION = 1.0;
				PRODUCT_BUNDLE_IDENTIFIER = com.test.GuidomiaTests;
				PRODUCT_NAME = "$(TARGET_NAME)";
				SDKROOT = auto;
				SUPPORTED_PLATFORMS = "iphoneos iphonesimulator macosx";
				SWIFT_EMIT_LOC_STRINGS = NO;
				SWIFT_VERSION = 5.0;
				TARGETED_DEVICE_FAMILY = "1,2";
				TEST_HOST = "$(BUILT_PRODUCTS_DIR)/Guidomia.app/$(BUNDLE_EXECUTABLE_FOLDER_PATH)/Guidomia";
			};
			name = Debug;
		};
		07E968252C9A95B9007AF2FA /* Release */ = {
			isa = XCBuildConfiguration;
			buildSettings = {
				ALWAYS_EMBED_SWIFT_STANDARD_LIBRARIES = YES;
				BUNDLE_LOADER = "$(TEST_HOST)";
				CODE_SIGN_STYLE = Automatic;
				CURRENT_PROJECT_VERSION = 1;
				GENERATE_INFOPLIST_FILE = YES;
				IPHONEOS_DEPLOYMENT_TARGET = 17.2;
				MACOSX_DEPLOYMENT_TARGET = 14.2;
				MARKETING_VERSION = 1.0;
				PRODUCT_BUNDLE_IDENTIFIER = com.test.GuidomiaTests;
				PRODUCT_NAME = "$(TARGET_NAME)";
				SDKROOT = auto;
				SUPPORTED_PLATFORMS = "iphoneos iphonesimulator macosx";
				SWIFT_EMIT_LOC_STRINGS = NO;
				SWIFT_VERSION = 5.0;
				TARGETED_DEVICE_FAMILY = "1,2";
				TEST_HOST = "$(BUILT_PRODUCTS_DIR)/Guidomia.app/$(BUNDLE_EXECUTABLE_FOLDER_PATH)/Guidomia";
			};
			name = Release;
		};
		07E968272C9A95B9007AF2FA /* Debug */ = {
			isa = XCBuildConfiguration;
			buildSettings = {
				ALWAYS_EMBED_SWIFT_STANDARD_LIBRARIES = YES;
				CODE_SIGN_STYLE = Automatic;
				CURRENT_PROJECT_VERSION = 1;
				GENERATE_INFOPLIST_FILE = YES;
				IPHONEOS_DEPLOYMENT_TARGET = 17.2;
				MACOSX_DEPLOYMENT_TARGET = 14.2;
				MARKETING_VERSION = 1.0;
				PRODUCT_BUNDLE_IDENTIFIER = com.test.GuidomiaUITests;
				PRODUCT_NAME = "$(TARGET_NAME)";
				SDKROOT = auto;
				SUPPORTED_PLATFORMS = "iphoneos iphonesimulator macosx";
				SWIFT_EMIT_LOC_STRINGS = NO;
				SWIFT_VERSION = 5.0;
				TARGETED_DEVICE_FAMILY = "1,2";
				TEST_TARGET_NAME = Guidomia;
			};
			name = Debug;
		};
		07E968282C9A95B9007AF2FA /* Release */ = {
			isa = XCBuildConfiguration;
			buildSettings = {
				ALWAYS_EMBED_SWIFT_STANDARD_LIBRARIES = YES;
				CODE_SIGN_STYLE = Automatic;
				CURRENT_PROJECT_VERSION = 1;
				GENERATE_INFOPLIST_FILE = YES;
				IPHONEOS_DEPLOYMENT_TARGET = 17.2;
				MACOSX_DEPLOYMENT_TARGET = 14.2;
				MARKETING_VERSION = 1.0;
				PRODUCT_BUNDLE_IDENTIFIER = com.test.GuidomiaUITests;
				PRODUCT_NAME = "$(TARGET_NAME)";
				SDKROOT = auto;
				SUPPORTED_PLATFORMS = "iphoneos iphonesimulator macosx";
				SWIFT_EMIT_LOC_STRINGS = NO;
				SWIFT_VERSION = 5.0;
				TARGETED_DEVICE_FAMILY = "1,2";
				TEST_TARGET_NAME = Guidomia;
			};
			name = Release;
		};
/* End XCBuildConfiguration section */

/* Begin XCConfigurationList section */
		07E967F62C9A95B7007AF2FA /* Build configuration list for PBXProject "guidomia" */ = {
			isa = XCConfigurationList;
			buildConfigurations = (
				07E9681E2C9A95B9007AF2FA /* Debug */,
				07E9681F2C9A95B9007AF2FA /* Release */,
			);
			defaultConfigurationIsVisible = 0;
			defaultConfigurationName = Release;
		};
		07E968202C9A95B9007AF2FA /* Build configuration list for PBXNativeTarget "Guidomia" */ = {
			isa = XCConfigurationList;
			buildConfigurations = (
				07E968212C9A95B9007AF2FA /* Debug */,
				07E968222C9A95B9007AF2FA /* Release */,
			);
			defaultConfigurationIsVisible = 0;
			defaultConfigurationName = Release;
		};
		07E968232C9A95B9007AF2FA /* Build configuration list for PBXNativeTarget "GuidomiaTests" */ = {
			isa = XCConfigurationList;
			buildConfigurations = (
				07E968242C9A95B9007AF2FA /* Debug */,
				07E968252C9A95B9007AF2FA /* Release */,
			);
			defaultConfigurationIsVisible = 0;
			defaultConfigurationName = Release;
		};
		07E968262C9A95B9007AF2FA /* Build configuration list for PBXNativeTarget "GuidomiaUITests" */ = {
			isa = XCConfigurationList;
			buildConfigurations = (
				07E968272C9A95B9007AF2FA /* Debug */,
				07E968282C9A95B9007AF2FA /* Release */,
			);
			defaultConfigurationIsVisible = 0;
			defaultConfigurationName = Release;
		};
/* End XCConfigurationList section */
	};
	rootObject = 07E967F32C9A95B7007AF2FA /* Project object */;
}
